{
  "requires": true,
  "lockfileVersion": 1,
  "dependencies": {
    "markdown-it-footnote": {
      "version": "3.0.1",
      "resolved": "http://registry.npm.taobao.org/markdown-it-footnote/download/markdown-it-footnote-3.0.1.tgz",
      "integrity": "sha1-fzcwdHysyG4v4L+KF6cQ80eRUXo=",
      "dev": true
    },
    "markdown-it-ins": {
      "version": "http://registry.npm.taobao.org/markdown-it-ins/download/markdown-it-ins-2.0.0.tgz",
      "integrity": "sha512-DhLLxseIg2C7+AULvoyVI+zMeufR0QFvXJ2o0oV013hN5HvBvNh2rbVtTdxZjI959+hgo2AA0aRdtEIUaKPbhg==",
      "dev": true
    },
    "markdown-it-mark": {
      "version": "2.0.0",
      "resolved": "http://registry.npm.taobao.org/markdown-it-mark/download/markdown-it-mark-2.0.0.tgz",
      "integrity": "sha1-RqGqlHEFrtgYiXjgoBYXnkBPQsc=",
      "dev": true
    },
    "markdown-it-sub": {
      "version": "1.0.0",
      "resolved": "http://registry.npm.taobao.org/markdown-it-sub/download/markdown-it-sub-1.0.0.tgz",
      "integrity": "sha1-N1/WAm6ufdywEkl/ZBEZXqHjr+g=",
      "dev": true
    },
    "markdown-it-sup": {
      "version": "http://registry.npm.taobao.org/markdown-it-sup/download/markdown-it-sup-1.0.0.tgz",
      "integrity": "sha512-E32m0nV9iyhRR7CrhnzL5msqic7rL1juWre6TQNxsnApg7Uf+F97JOKxUijg5YwXz86lZ0mqfOnutoryyNdntQ==",
      "dev": true
    },
    "markdown-it-task-lists": {
      "version": "2.1.1",
      "resolved": "http://registry.npm.taobao.org/markdown-it-task-lists/download/markdown-it-task-lists-2.1.1.tgz",
      "integrity": "sha1-9o9NKsK61aLDc7qTCBoaaEhBcIg=",
      "dev": true
    }
  }
}
